<?xml version="1.0" encoding="utf-8"?>
<Project ToolsVersion="4.0" xmlns="http://schemas.microsoft.com/developer/msbuild/2003">
  <ItemGroup>
    <Filter Include="Header Files">
      <UniqueIdentifier>{93995380-89BD-4b04-88EB-625FBE52EBFB}</UniqueIdentifier>
      <Extensions>h;hpp;hxx;hm;inl;inc;xsd</Extensions>
    </Filter>
    <Filter Include="Source Files">
      <UniqueIdentifier>{4FC737F1-C7A5-4376-A066-2A32D752A2FF}</UniqueIdentifier>
      <Extensions>cpp;c;cc;cxx;def;odl;idl;hpj;bat;asm;asmx</Extensions>
    </Filter>
  </ItemGroup>
  <ItemGroup>
    <ClInclude Include="..\serial\MainProgram.h">
      <Filter>Header Files</Filter>
    </ClInclude>
    <ClInclude Include="..\parallel\MainProgramP.h">
      <Filter>Header Files</Filter>
    </ClInclude>
    <ClInclude Include="MainTest.h">
      <Filter>Header Files</Filter>
    </ClInclude>
    <ClInclude Include="..\serial\NQueens.h">
      <Filter>Header Files</Filter>
    </ClInclude>
    <ClInclude Include="..\parallel\NQueensP.h">
      <Filter>Header Files</Filter>
    </ClInclude>
    <ClInclude Include="NQueensTest.h">
      <Filter>Header Files</Filter>
    </ClInclude>
    <ClInclude Include="PathConstants.h">
      <Filter>Header Files</Filter>
    </ClInclude>
    <ClInclude Include="..\serial\ResultsCollector.h">
      <Filter>Header Files</Filter>
    </ClInclude>
    <ClInclude Include="..\parallel\ResultsCollectorP.h">
      <Filter>Header Files</Filter>
    </ClInclude>
    <ClInclude Include="ResultsCollectorTest.h">
      <Filter>Header Files</Filter>
    </ClInclude>
    <ClInclude Include="..\serial\Task.h">
      <Filter>Header Files</Filter>
    </ClInclude>
    <ClInclude Include="..\serial\TaskProducer.h">
      <Filter>Header Files</Filter>
    </ClInclude>
    <ClInclude Include="..\parallel\TaskProducerP.h">
      <Filter>Header Files</Filter>
    </ClInclude>
    <ClInclude Include="TaskProducerTest.h">
      <Filter>Header Files</Filter>
    </ClInclude>
    <ClInclude Include="..\serial\UniqueSolution.h">
      <Filter>Header Files</Filter>
    </ClInclude>
    <ClInclude Include="..\parallel\UniqueSolutionP.h">
      <Filter>Header Files</Filter>
    </ClInclude>
    <ClInclude Include="UniqueSolutionTest.h">
      <Filter>Header Files</Filter>
    </ClInclude>
  </ItemGroup>
  <ItemGroup>
    <ClCompile Include="..\serial\MainProgram.cpp">
      <Filter>Source Files</Filter>
    </ClCompile>
    <ClCompile Include="..\parallel\MainProgramP.cpp">
      <Filter>Source Files</Filter>
    </ClCompile>
    <ClCompile Include="MainTest.cpp">
      <Filter>Source Files</Filter>
    </ClCompile>
    <ClCompile Include="..\serial\NQueens.cpp">
      <Filter>Source Files</Filter>
    </ClCompile>
    <ClCompile Include="..\parallel\NQueensP.cpp">
      <Filter>Source Files</Filter>
    </ClCompile>
    <ClCompile Include="NQueensTest.cpp">
      <Filter>Source Files</Filter>
    </ClCompile>
    <ClCompile Include="..\serial\ResultsCollector.cpp">
      <Filter>Source Files</Filter>
    </ClCompile>
    <ClCompile Include="..\parallel\ResultsCollectorP.cpp">
      <Filter>Source Files</Filter>
    </ClCompile>
    <ClCompile Include="ResultsCollectorTest.cpp">
      <Filter>Source Files</Filter>
    </ClCompile>
    <ClCompile Include="RUN.cpp">
      <Filter>Source Files</Filter>
    </ClCompile>
    <ClCompile Include="..\serial\Task.cpp">
      <Filter>Source Files</Filter>
    </ClCompile>
    <ClCompile Include="..\serial\TaskProducer.cpp">
      <Filter>Source Files</Filter>
    </ClCompile>
    <ClCompile Include="..\parallel\TaskProducerP.cpp">
      <Filter>Source Files</Filter>
    </ClCompile>
    <ClCompile Include="TaskProducerTest.cpp">
      <Filter>Source Files</Filter>
    </ClCompile>
    <ClCompile Include="..\serial\UniqueSolution.cpp">
      <Filter>Source Files</Filter>
    </ClCompile>
    <ClCompile Include="..\parallel\UniqueSolutionP.cpp">
      <Filter>Source Files</Filter>
    </ClCompile>
    <ClCompile Include="UniqueSolutionTest.cpp">
      <Filter>Source Files</Filter>
    </ClCompile>
  </ItemGroup>
</Project>