
Microsoft Visual Studio Solution File, Format Version 11.00
# Visual Studio 2010
Project("{8BC9CEB8-8B4A-11D0-8D11-00A0C91BC942}") = "serial", "serial\serial.vcxproj", "{E1D7D9D5-AF65-4237-89DF-B370418B3BAA}"
EndProject
Project("{8BC9CEB8-8B4A-11D0-8D11-00A0C91BC942}") = "parallel", "parallel\parallel.vcxproj", "{305B2884-E917-4119-9E10-F36EECDA7308}"
EndProject
Project("{8BC9CEB8-8B4A-11D0-8D11-00A0C91BC942}") = "cppunit", "cppunit\cppunit.vcxproj", "{B49742BB-D145-434B-B613-142E58012FA6}"
EndProject
Global
	GlobalSection(SolutionConfigurationPlatforms) = preSolution
		Debug|Win32 = Debug|Win32
		Release|Win32 = Release|Win32
	EndGlobalSection
	GlobalSection(ProjectConfigurationPlatforms) = postSolution
		{E1D7D9D5-AF65-4237-89DF-B370418B3BAA}.Debug|Win32.ActiveCfg = Debug|Win32
		{E1D7D9D5-AF65-4237-89DF-B370418B3BAA}.Debug|Win32.Build.0 = Debug|Win32
		{E1D7D9D5-AF65-4237-89DF-B370418B3BAA}.Release|Win32.ActiveCfg = Release|Win32
		{E1D7D9D5-AF65-4237-89DF-B370418B3BAA}.Release|Win32.Build.0 = Release|Win32
		{305B2884-E917-4119-9E10-F36EECDA7308}.Debug|Win32.ActiveCfg = Debug|Win32
		{305B2884-E917-4119-9E10-F36EECDA7308}.Debug|Win32.Build.0 = Debug|Win32
		{305B2884-E917-4119-9E10-F36EECDA7308}.Release|Win32.ActiveCfg = Release|Win32
		{305B2884-E917-4119-9E10-F36EECDA7308}.Release|Win32.Build.0 = Release|Win32
		{B49742BB-D145-434B-B613-142E58012FA6}.Debug|Win32.ActiveCfg = Debug|Win32
		{B49742BB-D145-434B-B613-142E58012FA6}.Debug|Win32.Build.0 = Debug|Win32
		{B49742BB-D145-434B-B613-142E58012FA6}.Release|Win32.ActiveCfg = Release|Win32
		{B49742BB-D145-434B-B613-142E58012FA6}.Release|Win32.Build.0 = Release|Win32
	EndGlobalSection
	GlobalSection(SolutionProperties) = preSolution
		HideSolutionNode = FALSE
	EndGlobalSection
EndGlobal
